// !$*UTF8*$!
{
	archiveVersion = 1;
	classes = {
	};
	objectVersion = 46;
	objects = {

/* Begin PBXBuildFile section */
		067502D4EAFB9B8A606BA02D /* Pods_Storekeeper.framework in Frameworks */ = {isa = PBXBuildFile; fileRef = 39FE374A72EC55F6C95DDCA2 /* Pods_Storekeeper.framework */; };
		7B161B481F21E19500EFB1B8 /* GoodsCategoriesViewController.swift in Sources */ = {isa = PBXBuildFile; fileRef = 7B161B471F21E19500EFB1B8 /* GoodsCategoriesViewController.swift */; };
		7B161B4A1F21E23100EFB1B8 /* GoodsUnitsViewController.swift in Sources */ = {isa = PBXBuildFile; fileRef = 7B161B491F21E23100EFB1B8 /* GoodsUnitsViewController.swift */; };
		7B2BFE621F0E1C5900F0FDB4 /* Home.storyboard in Resources */ = {isa = PBXBuildFile; fileRef = 7B2BFE611F0E1C5900F0FDB4 /* Home.storyboard */; };
		7B2BFE641F0E240300F0FDB4 /* BarcodeSaleViewController.swift in Sources */ = {isa = PBXBuildFile; fileRef = 7B2BFE631F0E240300F0FDB4 /* BarcodeSaleViewController.swift */; };
		7B2BFE841F0F8A9400F0FDB4 /* GoodsCategoryPickerViewController.swift in Sources */ = {isa = PBXBuildFile; fileRef = 7B2BFE831F0F8A9400F0FDB4 /* GoodsCategoryPickerViewController.swift */; };
		7B3617971F0E12B4004E7850 /* AppDelegate.swift in Sources */ = {isa = PBXBuildFile; fileRef = 7B3617961F0E12B4004E7850 /* AppDelegate.swift */; };
		7B36179C1F0E12B4004E7850 /* Main.storyboard in Resources */ = {isa = PBXBuildFile; fileRef = 7B36179A1F0E12B4004E7850 /* Main.storyboard */; };
		7B36179E1F0E12B4004E7850 /* Assets.xcassets in Resources */ = {isa = PBXBuildFile; fileRef = 7B36179D1F0E12B4004E7850 /* Assets.xcassets */; };
		7B3617A11F0E12B4004E7850 /* LaunchScreen.storyboard in Resources */ = {isa = PBXBuildFile; fileRef = 7B36179F1F0E12B4004E7850 /* LaunchScreen.storyboard */; };
		7B3698C71F318B41006DA3CF /* GoodsUnit.swift in Sources */ = {isa = PBXBuildFile; fileRef = 7B3698C61F318B41006DA3CF /* GoodsUnit.swift */; };
		7B3698C91F318D9B006DA3CF /* AddGoodsUnitViewController.swift in Sources */ = {isa = PBXBuildFile; fileRef = 7B3698C81F318D9B006DA3CF /* AddGoodsUnitViewController.swift */; };
		7B6140341F21958D0022C994 /* OrderListTableViewController.swift in Sources */ = {isa = PBXBuildFile; fileRef = 7B6140331F21958D0022C994 /* OrderListTableViewController.swift */; };
		7B62F9641F20521900A064E0 /* SKNavigationViewController.swift in Sources */ = {isa = PBXBuildFile; fileRef = 7B62F9631F20521900A064E0 /* SKNavigationViewController.swift */; };
		7B6DC6951F31C03E001F85F6 /* Goods.swift in Sources */ = {isa = PBXBuildFile; fileRef = 7B6DC6941F31C03E001F85F6 /* Goods.swift */; };
		7B6DC6971F31C311001F85F6 /* GoodsTableViewCell.swift in Sources */ = {isa = PBXBuildFile; fileRef = 7B6DC6961F31C311001F85F6 /* GoodsTableViewCell.swift */; };
		7B7B4C1B1F2988BE0021FE02 /* RegisterViewController.swift in Sources */ = {isa = PBXBuildFile; fileRef = 7B7B4C1A1F2988BE0021FE02 /* RegisterViewController.swift */; };
		7B7B4C1D1F299F9D0021FE02 /* RegisterDoneViewController.swift in Sources */ = {isa = PBXBuildFile; fileRef = 7B7B4C1C1F299F9D0021FE02 /* RegisterDoneViewController.swift */; };
		7B9F9B911F330F69002794CD /* GoodsKeyboardViewController.swift in Sources */ = {isa = PBXBuildFile; fileRef = 7B9F9B901F330F69002794CD /* GoodsKeyboardViewController.swift */; };
		7BA42ED31F15B2DD00F9344B /* MembersTableViewController.swift in Sources */ = {isa = PBXBuildFile; fileRef = 7BA42ED21F15B2DD00F9344B /* MembersTableViewController.swift */; };
		7BA42ED61F15BE5B00F9344B /* HomeViewController.swift in Sources */ = {isa = PBXBuildFile; fileRef = 7BA42ED51F15BE5B00F9344B /* HomeViewController.swift */; };
		7BA42ED81F15C22C00F9344B /* Mine.storyboard in Resources */ = {isa = PBXBuildFile; fileRef = 7BA42ED71F15C22C00F9344B /* Mine.storyboard */; };
		7BA5A83A1F15CB930037179C /* Member.storyboard in Resources */ = {isa = PBXBuildFile; fileRef = 7BA5A8391F15CB930037179C /* Member.storyboard */; };
		7BA612E51F0E74BE0066017F /* SaleViewController.swift in Sources */ = {isa = PBXBuildFile; fileRef = 7BA612E41F0E74BE0066017F /* SaleViewController.swift */; };
		7BA659C81F2874D300574BEF /* Login.storyboard in Resources */ = {isa = PBXBuildFile; fileRef = 7BA659C71F2874D300574BEF /* Login.storyboard */; };
		7BA659CA1F287B1E00574BEF /* LoginViewController.swift in Sources */ = {isa = PBXBuildFile; fileRef = 7BA659C91F287B1E00574BEF /* LoginViewController.swift */; };
		7BA659CC1F287B7B00574BEF /* SKTabBarViewController.swift in Sources */ = {isa = PBXBuildFile; fileRef = 7BA659CB1F287B7B00574BEF /* SKTabBarViewController.swift */; };
		7BA659D01F287D1600574BEF /* HTTPClient.swift in Sources */ = {isa = PBXBuildFile; fileRef = 7BA659CF1F287D1600574BEF /* HTTPClient.swift */; };
		7BA659D31F287D5100574BEF /* User.swift in Sources */ = {isa = PBXBuildFile; fileRef = 7BA659D21F287D5100574BEF /* User.swift */; };
		7BA659D51F287D7300574BEF /* Cache.swift in Sources */ = {isa = PBXBuildFile; fileRef = 7BA659D41F287D7300574BEF /* Cache.swift */; };
		7BA659D71F287DB700574BEF /* Notifications.swift in Sources */ = {isa = PBXBuildFile; fileRef = 7BA659D61F287DB700574BEF /* Notifications.swift */; };
		7BA659D91F287DF400574BEF /* Global.swift in Sources */ = {isa = PBXBuildFile; fileRef = 7BA659D81F287DF400574BEF /* Global.swift */; };
		7BA659DB1F287EAA00574BEF /* UIViewControllerExtensions.swift in Sources */ = {isa = PBXBuildFile; fileRef = 7BA659DA1F287EAA00574BEF /* UIViewControllerExtensions.swift */; };
		7BA659DD1F287EE300574BEF /* API.swift in Sources */ = {isa = PBXBuildFile; fileRef = 7BA659DC1F287EE300574BEF /* API.swift */; };
		7BA659DF1F28817B00574BEF /* SeguePerformable.swift in Sources */ = {isa = PBXBuildFile; fileRef = 7BA659DE1F28817B00574BEF /* SeguePerformable.swift */; };
		7BAD1FC91F3014E80074F71C /* GoodsCategory.swift in Sources */ = {isa = PBXBuildFile; fileRef = 7BAD1FC81F3014E80074F71C /* GoodsCategory.swift */; };
		7BAD1FCB1F3016C40074F71C /* MineTableViewController.swift in Sources */ = {isa = PBXBuildFile; fileRef = 7BAD1FCA1F3016C40074F71C /* MineTableViewController.swift */; };
		7BAD1FCD1F301D160074F71C /* AddGoodsCategoryViewController.swift in Sources */ = {isa = PBXBuildFile; fileRef = 7BAD1FCC1F301D160074F71C /* AddGoodsCategoryViewController.swift */; };
		7BAD1FCF1F30629D0074F71C /* AddGoodsVarietyViewController.swift in Sources */ = {isa = PBXBuildFile; fileRef = 7BAD1FCE1F30629D0074F71C /* AddGoodsVarietyViewController.swift */; };
		7BDE74CF1F3961F0002C43C0 /* GoodsStock.swift in Sources */ = {isa = PBXBuildFile; fileRef = 7BDE74CE1F3961F0002C43C0 /* GoodsStock.swift */; };
		7BE391101F171FB5003524DB /* GoodsSelectViewController.swift in Sources */ = {isa = PBXBuildFile; fileRef = 7BE3910F1F171FB5003524DB /* GoodsSelectViewController.swift */; };
		7BE391141F172A24003524DB /* GoodsSelectedPoolViewController.swift in Sources */ = {isa = PBXBuildFile; fileRef = 7BE391131F172A24003524DB /* GoodsSelectedPoolViewController.swift */; };
		7BFF2B411F15D0BD0062FCC7 /* SelectMemberViewController.swift in Sources */ = {isa = PBXBuildFile; fileRef = 7BFF2B401F15D0BD0062FCC7 /* SelectMemberViewController.swift */; };
		7BFF2B431F15EA460062FCC7 /* Goods.storyboard in Resources */ = {isa = PBXBuildFile; fileRef = 7BFF2B421F15EA460062FCC7 /* Goods.storyboard */; };
/* End PBXBuildFile section */

/* Begin PBXFileReference section */
		37BEA18C78F13F33A5C526FC /* Pods-Storekeeper.debug.xcconfig */ = {isa = PBXFileReference; includeInIndex = 1; lastKnownFileType = text.xcconfig; name = "Pods-Storekeeper.debug.xcconfig"; path = "Pods/Target Support Files/Pods-Storekeeper/Pods-Storekeeper.debug.xcconfig"; sourceTree = "<group>"; };
		39FE374A72EC55F6C95DDCA2 /* Pods_Storekeeper.framework */ = {isa = PBXFileReference; explicitFileType = wrapper.framework; includeInIndex = 0; path = Pods_Storekeeper.framework; sourceTree = BUILT_PRODUCTS_DIR; };
		7B161B471F21E19500EFB1B8 /* GoodsCategoriesViewController.swift */ = {isa = PBXFileReference; fileEncoding = 4; lastKnownFileType = sourcecode.swift; path = GoodsCategoriesViewController.swift; sourceTree = "<group>"; };
		7B161B491F21E23100EFB1B8 /* GoodsUnitsViewController.swift */ = {isa = PBXFileReference; fileEncoding = 4; lastKnownFileType = sourcecode.swift; path = GoodsUnitsViewController.swift; sourceTree = "<group>"; };
		7B2BFE611F0E1C5900F0FDB4 /* Home.storyboard */ = {isa = PBXFileReference; fileEncoding = 4; lastKnownFileType = file.storyboard; path = Home.storyboard; sourceTree = "<group>"; };
		7B2BFE631F0E240300F0FDB4 /* BarcodeSaleViewController.swift */ = {isa = PBXFileReference; fileEncoding = 4; lastKnownFileType = sourcecode.swift; path = BarcodeSaleViewController.swift; sourceTree = "<group>"; };
		7B2BFE831F0F8A9400F0FDB4 /* GoodsCategoryPickerViewController.swift */ = {isa = PBXFileReference; fileEncoding = 4; lastKnownFileType = sourcecode.swift; path = GoodsCategoryPickerViewController.swift; sourceTree = "<group>"; };
		7B3617931F0E12B4004E7850 /* Storekeeper.app */ = {isa = PBXFileReference; explicitFileType = wrapper.application; includeInIndex = 0; path = Storekeeper.app; sourceTree = BUILT_PRODUCTS_DIR; };
		7B3617961F0E12B4004E7850 /* AppDelegate.swift */ = {isa = PBXFileReference; lastKnownFileType = sourcecode.swift; path = AppDelegate.swift; sourceTree = "<group>"; };
		7B36179B1F0E12B4004E7850 /* Base */ = {isa = PBXFileReference; lastKnownFileType = file.storyboard; name = Base; path = Base.lproj/Main.storyboard; sourceTree = "<group>"; };
		7B36179D1F0E12B4004E7850 /* Assets.xcassets */ = {isa = PBXFileReference; lastKnownFileType = folder.assetcatalog; path = Assets.xcassets; sourceTree = "<group>"; };
		7B3617A01F0E12B4004E7850 /* Base */ = {isa = PBXFileReference; lastKnownFileType = file.storyboard; name = Base; path = Base.lproj/LaunchScreen.storyboard; sourceTree = "<group>"; };
		7B3617A21F0E12B4004E7850 /* Info.plist */ = {isa = PBXFileReference; lastKnownFileType = text.plist.xml; path = Info.plist; sourceTree = "<group>"; };
		7B3698C61F318B41006DA3CF /* GoodsUnit.swift */ = {isa = PBXFileReference; fileEncoding = 4; lastKnownFileType = sourcecode.swift; path = GoodsUnit.swift; sourceTree = "<group>"; };
		7B3698C81F318D9B006DA3CF /* AddGoodsUnitViewController.swift */ = {isa = PBXFileReference; fileEncoding = 4; lastKnownFileType = sourcecode.swift; path = AddGoodsUnitViewController.swift; sourceTree = "<group>"; };
		7B6140331F21958D0022C994 /* OrderListTableViewController.swift */ = {isa = PBXFileReference; fileEncoding = 4; lastKnownFileType = sourcecode.swift; path = OrderListTableViewController.swift; sourceTree = "<group>"; };
		7B62F9631F20521900A064E0 /* SKNavigationViewController.swift */ = {isa = PBXFileReference; fileEncoding = 4; lastKnownFileType = sourcecode.swift; path = SKNavigationViewController.swift; sourceTree = "<group>"; };
		7B6DC6941F31C03E001F85F6 /* Goods.swift */ = {isa = PBXFileReference; fileEncoding = 4; lastKnownFileType = sourcecode.swift; path = Goods.swift; sourceTree = "<group>"; };
		7B6DC6961F31C311001F85F6 /* GoodsTableViewCell.swift */ = {isa = PBXFileReference; fileEncoding = 4; lastKnownFileType = sourcecode.swift; path = GoodsTableViewCell.swift; sourceTree = "<group>"; };
		7B7B4C1A1F2988BE0021FE02 /* RegisterViewController.swift */ = {isa = PBXFileReference; fileEncoding = 4; lastKnownFileType = sourcecode.swift; path = RegisterViewController.swift; sourceTree = "<group>"; };
		7B7B4C1C1F299F9D0021FE02 /* RegisterDoneViewController.swift */ = {isa = PBXFileReference; fileEncoding = 4; lastKnownFileType = sourcecode.swift; path = RegisterDoneViewController.swift; sourceTree = "<group>"; };
		7B9F9B901F330F69002794CD /* GoodsKeyboardViewController.swift */ = {isa = PBXFileReference; fileEncoding = 4; lastKnownFileType = sourcecode.swift; path = GoodsKeyboardViewController.swift; sourceTree = "<group>"; };
		7BA237F41F37FD400002EAAC /* MyPlayground.playground */ = {isa = PBXFileReference; lastKnownFileType = file.playground; path = MyPlayground.playground; sourceTree = "<group>"; };
		7BA42ED21F15B2DD00F9344B /* MembersTableViewController.swift */ = {isa = PBXFileReference; fileEncoding = 4; lastKnownFileType = sourcecode.swift; path = MembersTableViewController.swift; sourceTree = "<group>"; };
		7BA42ED51F15BE5B00F9344B /* HomeViewController.swift */ = {isa = PBXFileReference; fileEncoding = 4; lastKnownFileType = sourcecode.swift; path = HomeViewController.swift; sourceTree = "<group>"; };
		7BA42ED71F15C22C00F9344B /* Mine.storyboard */ = {isa = PBXFileReference; fileEncoding = 4; lastKnownFileType = file.storyboard; path = Mine.storyboard; sourceTree = "<group>"; };
		7BA5A8391F15CB930037179C /* Member.storyboard */ = {isa = PBXFileReference; fileEncoding = 4; lastKnownFileType = file.storyboard; path = Member.storyboard; sourceTree = "<group>"; };
		7BA612E41F0E74BE0066017F /* SaleViewController.swift */ = {isa = PBXFileReference; fileEncoding = 4; lastKnownFileType = sourcecode.swift; path = SaleViewController.swift; sourceTree = "<group>"; };
		7BA659C71F2874D300574BEF /* Login.storyboard */ = {isa = PBXFileReference; fileEncoding = 4; lastKnownFileType = file.storyboard; path = Login.storyboard; sourceTree = "<group>"; };
		7BA659C91F287B1E00574BEF /* LoginViewController.swift */ = {isa = PBXFileReference; fileEncoding = 4; lastKnownFileType = sourcecode.swift; path = LoginViewController.swift; sourceTree = "<group>"; };
		7BA659CB1F287B7B00574BEF /* SKTabBarViewController.swift */ = {isa = PBXFileReference; fileEncoding = 4; lastKnownFileType = sourcecode.swift; path = SKTabBarViewController.swift; sourceTree = "<group>"; };
		7BA659CF1F287D1600574BEF /* HTTPClient.swift */ = {isa = PBXFileReference; fileEncoding = 4; lastKnownFileType = sourcecode.swift; path = HTTPClient.swift; sourceTree = "<group>"; };
		7BA659D21F287D5100574BEF /* User.swift */ = {isa = PBXFileReference; fileEncoding = 4; lastKnownFileType = sourcecode.swift; path = User.swift; sourceTree = "<group>"; };
		7BA659D41F287D7300574BEF /* Cache.swift */ = {isa = PBXFileReference; fileEncoding = 4; lastKnownFileType = sourcecode.swift; path = Cache.swift; sourceTree = "<group>"; };
		7BA659D61F287DB700574BEF /* Notifications.swift */ = {isa = PBXFileReference; fileEncoding = 4; lastKnownFileType = sourcecode.swift; path = Notifications.swift; sourceTree = "<group>"; };
		7BA659D81F287DF400574BEF /* Global.swift */ = {isa = PBXFileReference; fileEncoding = 4; lastKnownFileType = sourcecode.swift; path = Global.swift; sourceTree = "<group>"; };
		7BA659DA1F287EAA00574BEF /* UIViewControllerExtensions.swift */ = {isa = PBXFileReference; fileEncoding = 4; lastKnownFileType = sourcecode.swift; path = UIViewControllerExtensions.swift; sourceTree = "<group>"; };
		7BA659DC1F287EE300574BEF /* API.swift */ = {isa = PBXFileReference; fileEncoding = 4; lastKnownFileType = sourcecode.swift; path = API.swift; sourceTree = "<group>"; };
		7BA659DE1F28817B00574BEF /* SeguePerformable.swift */ = {isa = PBXFileReference; fileEncoding = 4; lastKnownFileType = sourcecode.swift; path = SeguePerformable.swift; sourceTree = "<group>"; };
		7BAD1FC81F3014E80074F71C /* GoodsCategory.swift */ = {isa = PBXFileReference; fileEncoding = 4; lastKnownFileType = sourcecode.swift; path = GoodsCategory.swift; sourceTree = "<group>"; };
		7BAD1FCA1F3016C40074F71C /* MineTableViewController.swift */ = {isa = PBXFileReference; fileEncoding = 4; lastKnownFileType = sourcecode.swift; path = MineTableViewController.swift; sourceTree = "<group>"; };
		7BAD1FCC1F301D160074F71C /* AddGoodsCategoryViewController.swift */ = {isa = PBXFileReference; fileEncoding = 4; lastKnownFileType = sourcecode.swift; path = AddGoodsCategoryViewController.swift; sourceTree = "<group>"; };
		7BAD1FCE1F30629D0074F71C /* AddGoodsVarietyViewController.swift */ = {isa = PBXFileReference; fileEncoding = 4; lastKnownFileType = sourcecode.swift; path = AddGoodsVarietyViewController.swift; sourceTree = "<group>"; };
		7BDE74CE1F3961F0002C43C0 /* GoodsStock.swift */ = {isa = PBXFileReference; fileEncoding = 4; lastKnownFileType = sourcecode.swift; path = GoodsStock.swift; sourceTree = "<group>"; };
		7BE3910F1F171FB5003524DB /* GoodsSelectViewController.swift */ = {isa = PBXFileReference; fileEncoding = 4; lastKnownFileType = sourcecode.swift; path = GoodsSelectViewController.swift; sourceTree = "<group>"; };
		7BE391131F172A24003524DB /* GoodsSelectedPoolViewController.swift */ = {isa = PBXFileReference; fileEncoding = 4; lastKnownFileType = sourcecode.swift; path = GoodsSelectedPoolViewController.swift; sourceTree = "<group>"; };
		7BFF2B401F15D0BD0062FCC7 /* SelectMemberViewController.swift */ = {isa = PBXFileReference; fileEncoding = 4; lastKnownFileType = sourcecode.swift; path = SelectMemberViewController.swift; sourceTree = "<group>"; };
		7BFF2B421F15EA460062FCC7 /* Goods.storyboard */ = {isa = PBXFileReference; fileEncoding = 4; lastKnownFileType = file.storyboard; path = Goods.storyboard; sourceTree = "<group>"; };
		8862E79E04394961A044D267 /* Pods-Storekeeper.release.xcconfig */ = {isa = PBXFileReference; includeInIndex = 1; lastKnownFileType = text.xcconfig; name = "Pods-Storekeeper.release.xcconfig"; path = "Pods/Target Support Files/Pods-Storekeeper/Pods-Storekeeper.release.xcconfig"; sourceTree = "<group>"; };
/* End PBXFileReference section */

/* Begin PBXFrameworksBuildPhase section */
		7B3617901F0E12B3004E7850 /* Frameworks */ = {
			isa = PBXFrameworksBuildPhase;
			buildActionMask = 2147483647;
			files = (
				067502D4EAFB9B8A606BA02D /* Pods_Storekeeper.framework in Frameworks */,
			);
			runOnlyForDeploymentPostprocessing = 0;
		};
/* End PBXFrameworksBuildPhase section */

/* Begin PBXGroup section */
		398BAD4F175173DDC366ECC6 /* Frameworks */ = {
			isa = PBXGroup;
			children = (
				39FE374A72EC55F6C95DDCA2 /* Pods_Storekeeper.framework */,
			);
			name = Frameworks;
			sourceTree = "<group>";
		};
		7B36178A1F0E12B3004E7850 = {
			isa = PBXGroup;
			children = (
				7B3617951F0E12B4004E7850 /* Storekeeper */,
				7B3617941F0E12B4004E7850 /* Products */,
				F75E844C0136B11FA7A3AC08 /* Pods */,
				398BAD4F175173DDC366ECC6 /* Frameworks */,
			);
			sourceTree = "<group>";
		};
		7B3617941F0E12B4004E7850 /* Products */ = {
			isa = PBXGroup;
			children = (
				7B3617931F0E12B4004E7850 /* Storekeeper.app */,
			);
			name = Products;
			sourceTree = "<group>";
		};
		7B3617951F0E12B4004E7850 /* Storekeeper */ = {
			isa = PBXGroup;
			children = (
				7B3617961F0E12B4004E7850 /* AppDelegate.swift */,
				7BA237F41F37FD400002EAAC /* MyPlayground.playground */,
				7BAD1FC01F3013410074F71C /* HomeViewController */,
				7BAD1FC11F30135C0074F71C /* SecondViewController */,
				7BAD1FC21F30138B0074F71C /* ThirdViewController */,
				7BAD1FC41F3013E70074F71C /* GoodsViewController */,
				7BAD1FC61F3014770074F71C /* SaleViewController */,
				7BAD1FC31F3013B70074F71C /* LoginViewController */,
				7BAD1FC51F30144E0074F71C /* BaseViewController */,
				7BA659D41F287D7300574BEF /* Cache.swift */,
				7BAD1FC71F3014AA0074F71C /* Model */,
				7BA659D61F287DB700574BEF /* Notifications.swift */,
				7BA659D81F287DF400574BEF /* Global.swift */,
				7BA659DA1F287EAA00574BEF /* UIViewControllerExtensions.swift */,
				7BA659DE1F28817B00574BEF /* SeguePerformable.swift */,
				7BA659D11F287D1D00574BEF /* Network */,
				7B36179A1F0E12B4004E7850 /* Main.storyboard */,
				7B36179D1F0E12B4004E7850 /* Assets.xcassets */,
				7B36179F1F0E12B4004E7850 /* LaunchScreen.storyboard */,
				7B3617A21F0E12B4004E7850 /* Info.plist */,
			);
			path = Storekeeper;
			sourceTree = "<group>";
		};
		7BA659D11F287D1D00574BEF /* Network */ = {
			isa = PBXGroup;
			children = (
				7BA659CF1F287D1600574BEF /* HTTPClient.swift */,
				7BA659DC1F287EE300574BEF /* API.swift */,
			);
			name = Network;
			sourceTree = "<group>";
		};
		7BAD1FC01F3013410074F71C /* HomeViewController */ = {
			isa = PBXGroup;
			children = (
				7B2BFE611F0E1C5900F0FDB4 /* Home.storyboard */,
				7BA42ED51F15BE5B00F9344B /* HomeViewController.swift */,
			);
			name = HomeViewController;
			sourceTree = "<group>";
		};
		7BAD1FC11F30135C0074F71C /* SecondViewController */ = {
			isa = PBXGroup;
			children = (
				7BA5A8391F15CB930037179C /* Member.storyboard */,
				7BA42ED21F15B2DD00F9344B /* MembersTableViewController.swift */,
				7BFF2B401F15D0BD0062FCC7 /* SelectMemberViewController.swift */,
			);
			name = SecondViewController;
			sourceTree = "<group>";
		};
		7BAD1FC21F30138B0074F71C /* ThirdViewController */ = {
			isa = PBXGroup;
			children = (
				7BA42ED71F15C22C00F9344B /* Mine.storyboard */,
				7B6140331F21958D0022C994 /* OrderListTableViewController.swift */,
				7BAD1FCA1F3016C40074F71C /* MineTableViewController.swift */,
			);
			name = ThirdViewController;
			sourceTree = "<group>";
		};
		7BAD1FC31F3013B70074F71C /* LoginViewController */ = {
			isa = PBXGroup;
			children = (
				7BA659C71F2874D300574BEF /* Login.storyboard */,
				7BA659C91F287B1E00574BEF /* LoginViewController.swift */,
				7B7B4C1A1F2988BE0021FE02 /* RegisterViewController.swift */,
				7B7B4C1C1F299F9D0021FE02 /* RegisterDoneViewController.swift */,
			);
			name = LoginViewController;
			sourceTree = "<group>";
		};
		7BAD1FC41F3013E70074F71C /* GoodsViewController */ = {
			isa = PBXGroup;
			children = (
				7BE3910F1F171FB5003524DB /* GoodsSelectViewController.swift */,
				7BAD1FCE1F30629D0074F71C /* AddGoodsVarietyViewController.swift */,
				7B6DC6961F31C311001F85F6 /* GoodsTableViewCell.swift */,
				7B9F9B901F330F69002794CD /* GoodsKeyboardViewController.swift */,
				7BE391131F172A24003524DB /* GoodsSelectedPoolViewController.swift */,
				7B161B471F21E19500EFB1B8 /* GoodsCategoriesViewController.swift */,
				7BAD1FCC1F301D160074F71C /* AddGoodsCategoryViewController.swift */,
				7B161B491F21E23100EFB1B8 /* GoodsUnitsViewController.swift */,
				7B3698C81F318D9B006DA3CF /* AddGoodsUnitViewController.swift */,
				7B2BFE831F0F8A9400F0FDB4 /* GoodsCategoryPickerViewController.swift */,
				7BFF2B421F15EA460062FCC7 /* Goods.storyboard */,
			);
			name = GoodsViewController;
			sourceTree = "<group>";
		};
		7BAD1FC51F30144E0074F71C /* BaseViewController */ = {
			isa = PBXGroup;
			children = (
				7B62F9631F20521900A064E0 /* SKNavigationViewController.swift */,
				7BA659CB1F287B7B00574BEF /* SKTabBarViewController.swift */,
			);
			name = BaseViewController;
			sourceTree = "<group>";
		};
		7BAD1FC61F3014770074F71C /* SaleViewController */ = {
			isa = PBXGroup;
			children = (
				7BA612E41F0E74BE0066017F /* SaleViewController.swift */,
				7B2BFE631F0E240300F0FDB4 /* BarcodeSaleViewController.swift */,
			);
			name = SaleViewController;
			sourceTree = "<group>";
		};
		7BAD1FC71F3014AA0074F71C /* Model */ = {
			isa = PBXGroup;
			children = (
				7BA659D21F287D5100574BEF /* User.swift */,
				7BAD1FC81F3014E80074F71C /* GoodsCategory.swift */,
				7B3698C61F318B41006DA3CF /* GoodsUnit.swift */,
				7B6DC6941F31C03E001F85F6 /* Goods.swift */,
				7BDE74CE1F3961F0002C43C0 /* GoodsStock.swift */,
			);
			name = Model;
			sourceTree = "<group>";
		};
		F75E844C0136B11FA7A3AC08 /* Pods */ = {
			isa = PBXGroup;
			children = (
				37BEA18C78F13F33A5C526FC /* Pods-Storekeeper.debug.xcconfig */,
				8862E79E04394961A044D267 /* Pods-Storekeeper.release.xcconfig */,
			);
			name = Pods;
			sourceTree = "<group>";
		};
/* End PBXGroup section */

/* Begin PBXNativeTarget section */
		7B3617921F0E12B3004E7850 /* Storekeeper */ = {
			isa = PBXNativeTarget;
			buildConfigurationList = 7B3617A51F0E12B4004E7850 /* Build configuration list for PBXNativeTarget "Storekeeper" */;
			buildPhases = (
				19B97BAA9317598BF7146726 /* [CP] Check Pods Manifest.lock */,
				7B36178F1F0E12B3004E7850 /* Sources */,
				7B3617901F0E12B3004E7850 /* Frameworks */,
				7B3617911F0E12B3004E7850 /* Resources */,
				99E04F443DBFFA5B492C3591 /* [CP] Embed Pods Frameworks */,
				5C9C739F70DA4A5C38DBE200 /* [CP] Copy Pods Resources */,
				7BA42ED41F15B96300F9344B /* ShellScript */,
			);
			buildRules = (
			);
			dependencies = (
			);
			name = Storekeeper;
			productName = Storekeeper;
			productReference = 7B3617931F0E12B4004E7850 /* Storekeeper.app */;
			productType = "com.apple.product-type.application";
		};
/* End PBXNativeTarget section */

/* Begin PBXProject section */
		7B36178B1F0E12B3004E7850 /* Project object */ = {
			isa = PBXProject;
			attributes = {
				LastSwiftUpdateCheck = 0830;
				LastUpgradeCheck = 0830;
				ORGANIZATIONNAME = zengdaqian;
				TargetAttributes = {
					7B3617921F0E12B3004E7850 = {
						CreatedOnToolsVersion = 8.3.3;
						DevelopmentTeam = N2328YCXM3;
						ProvisioningStyle = Automatic;
					};
				};
			};
			buildConfigurationList = 7B36178E1F0E12B3004E7850 /* Build configuration list for PBXProject "Storekeeper" */;
			compatibilityVersion = "Xcode 3.2";
			developmentRegion = English;
			hasScannedForEncodings = 0;
			knownRegions = (
				en,
				Base,
			);
			mainGroup = 7B36178A1F0E12B3004E7850;
			productRefGroup = 7B3617941F0E12B4004E7850 /* Products */;
			projectDirPath = "";
			projectRoot = "";
			targets = (
				7B3617921F0E12B3004E7850 /* Storekeeper */,
			);
		};
/* End PBXProject section */

/* Begin PBXResourcesBuildPhase section */
		7B3617911F0E12B3004E7850 /* Resources */ = {
			isa = PBXResourcesBuildPhase;
			buildActionMask = 2147483647;
			files = (
				7BA659C81F2874D300574BEF /* Login.storyboard in Resources */,
				7B3617A11F0E12B4004E7850 /* LaunchScreen.storyboard in Resources */,
				7B36179E1F0E12B4004E7850 /* Assets.xcassets in Resources */,
				7BA5A83A1F15CB930037179C /* Member.storyboard in Resources */,
				7BA42ED81F15C22C00F9344B /* Mine.storyboard in Resources */,
				7B36179C1F0E12B4004E7850 /* Main.storyboard in Resources */,
				7B2BFE621F0E1C5900F0FDB4 /* Home.storyboard in Resources */,
				7BFF2B431F15EA460062FCC7 /* Goods.storyboard in Resources */,
			);
			runOnlyForDeploymentPostprocessing = 0;
		};
/* End PBXResourcesBuildPhase section */

/* Begin PBXShellScriptBuildPhase section */
		19B97BAA9317598BF7146726 /* [CP] Check Pods Manifest.lock */ = {
			isa = PBXShellScriptBuildPhase;
			buildActionMask = 2147483647;
			files = (
			);
			inputPaths = (
			);
			name = "[CP] Check Pods Manifest.lock";
			outputPaths = (
			);
			runOnlyForDeploymentPostprocessing = 0;
			shellPath = /bin/sh;
			shellScript = "diff \"${PODS_PODFILE_DIR_PATH}/Podfile.lock\" \"${PODS_ROOT}/Manifest.lock\" > /dev/null\nif [ $? != 0 ] ; then\n    # print error to STDERR\n    echo \"error: The sandbox is not in sync with the Podfile.lock. Run 'pod install' or update your CocoaPods installation.\" >&2\n    exit 1\nfi\n";
			showEnvVarsInLog = 0;
		};
		5C9C739F70DA4A5C38DBE200 /* [CP] Copy Pods Resources */ = {
			isa = PBXShellScriptBuildPhase;
			buildActionMask = 2147483647;
			files = (
			);
			inputPaths = (
			);
			name = "[CP] Copy Pods Resources";
			outputPaths = (
			);
			runOnlyForDeploymentPostprocessing = 0;
			shellPath = /bin/sh;
			shellScript = "\"${SRCROOT}/Pods/Target Support Files/Pods-Storekeeper/Pods-Storekeeper-resources.sh\"\n";
			showEnvVarsInLog = 0;
		};
		7BA42ED41F15B96300F9344B /* ShellScript */ = {
			isa = PBXShellScriptBuildPhase;
			buildActionMask = 2147483647;
			files = (
			);
			inputPaths = (
			);
			outputPaths = (
			);
			runOnlyForDeploymentPostprocessing = 0;
			shellPath = /bin/sh;
			shellScript = "buildNumber=$(/usr/libexec/PlistBuddy -c \"Print CFBundleVersion\" \"${PROJECT_DIR}/${INFOPLIST_FILE}\")\nbuildNumber=$(($buildNumber + 1))\n/usr/libexec/PlistBuddy -c \"Set :CFBundleVersion $buildNumber\" \"${PROJECT_DIR}/${INFOPLIST_FILE}\"";
		};
		99E04F443DBFFA5B492C3591 /* [CP] Embed Pods Frameworks */ = {
			isa = PBXShellScriptBuildPhase;
			buildActionMask = 2147483647;
			files = (
			);
			inputPaths = (
			);
			name = "[CP] Embed Pods Frameworks";
			outputPaths = (
			);
			runOnlyForDeploymentPostprocessing = 0;
			shellPath = /bin/sh;
			shellScript = "\"${SRCROOT}/Pods/Target Support Files/Pods-Storekeeper/Pods-Storekeeper-frameworks.sh\"\n";
			showEnvVarsInLog = 0;
		};
/* End PBXShellScriptBuildPhase section */

/* Begin PBXSourcesBuildPhase section */
		7B36178F1F0E12B3004E7850 /* Sources */ = {
			isa = PBXSourcesBuildPhase;
			buildActionMask = 2147483647;
			files = (
				7BAD1FCD1F301D160074F71C /* AddGoodsCategoryViewController.swift in Sources */,
				7B2BFE841F0F8A9400F0FDB4 /* GoodsCategoryPickerViewController.swift in Sources */,
				7B7B4C1D1F299F9D0021FE02 /* RegisterDoneViewController.swift in Sources */,
				7B6DC6951F31C03E001F85F6 /* Goods.swift in Sources */,
				7B2BFE641F0E240300F0FDB4 /* BarcodeSaleViewController.swift in Sources */,
				7B161B4A1F21E23100EFB1B8 /* GoodsUnitsViewController.swift in Sources */,
				7BA659DD1F287EE300574BEF /* API.swift in Sources */,
				7BE391101F171FB5003524DB /* GoodsSelectViewController.swift in Sources */,
				7B161B481F21E19500EFB1B8 /* GoodsCategoriesViewController.swift in Sources */,
				7BA659D91F287DF400574BEF /* Global.swift in Sources */,
				7BA659D51F287D7300574BEF /* Cache.swift in Sources */,
				7B3617971F0E12B4004E7850 /* AppDelegate.swift in Sources */,
				7BE391141F172A24003524DB /* GoodsSelectedPoolViewController.swift in Sources */,
				7B6DC6971F31C311001F85F6 /* GoodsTableViewCell.swift in Sources */,
				7BFF2B411F15D0BD0062FCC7 /* SelectMemberViewController.swift in Sources */,
				7B6140341F21958D0022C994 /* OrderListTableViewController.swift in Sources */,
				7BDE74CF1F3961F0002C43C0 /* GoodsStock.swift in Sources */,
				7B62F9641F20521900A064E0 /* SKNavigationViewController.swift in Sources */,
				7BA659CA1F287B1E00574BEF /* LoginViewController.swift in Sources */,
				7BA659DF1F28817B00574BEF /* SeguePerformable.swift in Sources */,
				7BA42ED31F15B2DD00F9344B /* MembersTableViewController.swift in Sources */,
				7BA659D71F287DB700574BEF /* Notifications.swift in Sources */,
				7BA659D01F287D1600574BEF /* HTTPClient.swift in Sources */,
				7BA42ED61F15BE5B00F9344B /* HomeViewController.swift in Sources */,
				7BAD1FCF1F30629D0074F71C /* AddGoodsVarietyViewController.swift in Sources */,
				7BA659DB1F287EAA00574BEF /* UIViewControllerExtensions.swift in Sources */,
				7BA612E51F0E74BE0066017F /* SaleViewController.swift in Sources */,
				7B3698C71F318B41006DA3CF /* GoodsUnit.swift in Sources */,
				7BAD1FC91F3014E80074F71C /* GoodsCategory.swift in Sources */,
				7BAD1FCB1F3016C40074F71C /* MineTableViewController.swift in Sources */,
				7B7B4C1B1F2988BE0021FE02 /* RegisterViewController.swift in Sources */,
				7B9F9B911F330F69002794CD /* GoodsKeyboardViewController.swift in Sources */,
				7BA659CC1F287B7B00574BEF /* SKTabBarViewController.swift in Sources */,
				7B3698C91F318D9B006DA3CF /* AddGoodsUnitViewController.swift in Sources */,
				7BA659D31F287D5100574BEF /* User.swift in Sources */,
			);
			runOnlyForDeploymentPostprocessing = 0;
		};
/* End PBXSourcesBuildPhase section */

/* Begin PBXVariantGroup section */
		7B36179A1F0E12B4004E7850 /* Main.storyboard */ = {
			isa = PBXVariantGroup;
			children = (
				7B36179B1F0E12B4004E7850 /* Base */,
			);
			name = Main.storyboard;
			sourceTree = "<group>";
		};
		7B36179F1F0E12B4004E7850 /* LaunchScreen.storyboard */ = {
			isa = PBXVariantGroup;
			children = (
				7B3617A01F0E12B4004E7850 /* Base */,
			);
			name = LaunchScreen.storyboard;
			sourceTree = "<group>";
		};
/* End PBXVariantGroup section */

/* Begin XCBuildConfiguration section */
		7B3617A31F0E12B4004E7850 /* Debug */ = {
			isa = XCBuildConfiguration;
			buildSettings = {
				ALWAYS_SEARCH_USER_PATHS = NO;
				CLANG_ANALYZER_NONNULL = YES;
				CLANG_ANALYZER_NUMBER_OBJECT_CONVERSION = YES_AGGRESSIVE;
				CLANG_CXX_LANGUAGE_STANDARD = "gnu++0x";
				CLANG_CXX_LIBRARY = "libc++";
				CLANG_ENABLE_MODULES = YES;
				CLANG_ENABLE_OBJC_ARC = YES;
				CLANG_WARN_BOOL_CONVERSION = YES;
				CLANG_WARN_CONSTANT_CONVERSION = YES;
				CLANG_WARN_DIRECT_OBJC_ISA_USAGE = YES_ERROR;
				CLANG_WARN_DOCUMENTATION_COMMENTS = YES;
				CLANG_WARN_EMPTY_BODY = YES;
				CLANG_WARN_ENUM_CONVERSION = YES;
				CLANG_WARN_INFINITE_RECURSION = YES;
				CLANG_WARN_INT_CONVERSION = YES;
				CLANG_WARN_OBJC_ROOT_CLASS = YES_ERROR;
				CLANG_WARN_SUSPICIOUS_MOVE = YES;
				CLANG_WARN_UNREACHABLE_CODE = YES;
				CLANG_WARN__DUPLICATE_METHOD_MATCH = YES;
				"CODE_SIGN_IDENTITY[sdk=iphoneos*]" = "iPhone Developer";
				COPY_PHASE_STRIP = NO;
				DEBUG_INFORMATION_FORMAT = dwarf;
				ENABLE_STRICT_OBJC_MSGSEND = YES;
				ENABLE_TESTABILITY = YES;
				GCC_C_LANGUAGE_STANDARD = gnu99;
				GCC_DYNAMIC_NO_PIC = NO;
				GCC_NO_COMMON_BLOCKS = YES;
				GCC_OPTIMIZATION_LEVEL = 0;
				GCC_PREPROCESSOR_DEFINITIONS = (
					"DEBUG=1",
					"$(inherited)",
				);
				GCC_WARN_64_TO_32_BIT_CONVERSION = YES;
				GCC_WARN_ABOUT_RETURN_TYPE = YES_ERROR;
				GCC_WARN_UNDECLARED_SELECTOR = YES;
				GCC_WARN_UNINITIALIZED_AUTOS = YES_AGGRESSIVE;
				GCC_WARN_UNUSED_FUNCTION = YES;
				GCC_WARN_UNUSED_VARIABLE = YES;
				IPHONEOS_DEPLOYMENT_TARGET = 10.0;
				MTL_ENABLE_DEBUG_INFO = YES;
				ONLY_ACTIVE_ARCH = YES;
				SDKROOT = iphoneos;
				SWIFT_ACTIVE_COMPILATION_CONDITIONS = DEBUG;
				SWIFT_OPTIMIZATION_LEVEL = "-Onone";
				TARGETED_DEVICE_FAMILY = "1,2";
			};
			name = Debug;
		};
		7B3617A41F0E12B4004E7850 /* Release */ = {
			isa = XCBuildConfiguration;
			buildSettings = {
				ALWAYS_SEARCH_USER_PATHS = NO;
				CLANG_ANALYZER_NONNULL = YES;
				CLANG_ANALYZER_NUMBER_OBJECT_CONVERSION = YES_AGGRESSIVE;
				CLANG_CXX_LANGUAGE_STANDARD = "gnu++0x";
				CLANG_CXX_LIBRARY = "libc++";
				CLANG_ENABLE_MODULES = YES;
				CLANG_ENABLE_OBJC_ARC = YES;
				CLANG_WARN_BOOL_CONVERSION = YES;
				CLANG_WARN_CONSTANT_CONVERSION = YES;
				CLANG_WARN_DIRECT_OBJC_ISA_USAGE = YES_ERROR;
				CLANG_WARN_DOCUMENTATION_COMMENTS = YES;
				CLANG_WARN_EMPTY_BODY = YES;
				CLANG_WARN_ENUM_CONVERSION = YES;
				CLANG_WARN_INFINITE_RECURSION = YES;
				CLANG_WARN_INT_CONVERSION = YES;
				CLANG_WARN_OBJC_ROOT_CLASS = YES_ERROR;
				CLANG_WARN_SUSPICIOUS_MOVE = YES;
				CLANG_WARN_UNREACHABLE_CODE = YES;
				CLANG_WARN__DUPLICATE_METHOD_MATCH = YES;
				"CODE_SIGN_IDENTITY[sdk=iphoneos*]" = "iPhone Developer";
				COPY_PHASE_STRIP = NO;
				DEBUG_INFORMATION_FORMAT = "dwarf-with-dsym";
				ENABLE_NS_ASSERTIONS = NO;
				ENABLE_STRICT_OBJC_MSGSEND = YES;
				GCC_C_LANGUAGE_STANDARD = gnu99;
				GCC_NO_COMMON_BLOCKS = YES;
				GCC_WARN_64_TO_32_BIT_CONVERSION = YES;
				GCC_WARN_ABOUT_RETURN_TYPE = YES_ERROR;
				GCC_WARN_UNDECLARED_SELECTOR = YES;
				GCC_WARN_UNINITIALIZED_AUTOS = YES_AGGRESSIVE;
				GCC_WARN_UNUSED_FUNCTION = YES;
				GCC_WARN_UNUSED_VARIABLE = YES;
				IPHONEOS_DEPLOYMENT_TARGET = 10.0;
				MTL_ENABLE_DEBUG_INFO = NO;
				SDKROOT = iphoneos;
				SWIFT_OPTIMIZATION_LEVEL = "-Owholemodule";
				TARGETED_DEVICE_FAMILY = "1,2";
				VALIDATE_PRODUCT = YES;
			};
			name = Release;
		};
		7B3617A61F0E12B4004E7850 /* Debug */ = {
			isa = XCBuildConfiguration;
			baseConfigurationReference = 37BEA18C78F13F33A5C526FC /* Pods-Storekeeper.debug.xcconfig */;
			buildSettings = {
				ASSETCATALOG_COMPILER_APPICON_NAME = AppIcon;
				DEVELOPMENT_TEAM = N2328YCXM3;
				INFOPLIST_FILE = Storekeeper/Info.plist;
				LD_RUNPATH_SEARCH_PATHS = "$(inherited) @executable_path/Frameworks";
				PRODUCT_BUNDLE_IDENTIFIER = com.jeffreyzeng.storekeeper;
				PRODUCT_NAME = "$(TARGET_NAME)";
			};
			name = Debug;
		};
		7B3617A71F0E12B4004E7850 /* Release */ = {
			isa = XCBuildConfiguration;
			baseConfigurationReference = 8862E79E04394961A044D267 /* Pods-Storekeeper.release.xcconfig */;
			buildSettings = {
				ASSETCATALOG_COMPILER_APPICON_NAME = AppIcon;
				DEVELOPMENT_TEAM = N2328YCXM3;
				INFOPLIST_FILE = Storekeeper/Info.plist;
				LD_RUNPATH_SEARCH_PATHS = "$(inherited) @executable_path/Frameworks";
				PRODUCT_BUNDLE_IDENTIFIER = com.jeffreyzeng.storekeeper;
				PRODUCT_NAME = "$(TARGET_NAME)";
			};
			name = Release;
		};
/* End XCBuildConfiguration section */

/* Begin XCConfigurationList section */
		7B36178E1F0E12B3004E7850 /* Build configuration list for PBXProject "Storekeeper" */ = {
			isa = XCConfigurationList;
			buildConfigurations = (
				7B3617A31F0E12B4004E7850 /* Debug */,
				7B3617A41F0E12B4004E7850 /* Release */,
			);
			defaultConfigurationIsVisible = 0;
			defaultConfigurationName = Release;
		};
		7B3617A51F0E12B4004E7850 /* Build configuration list for PBXNativeTarget "Storekeeper" */ = {
			isa = XCConfigurationList;
			buildConfigurations = (
				7B3617A61F0E12B4004E7850 /* Debug */,
				7B3617A71F0E12B4004E7850 /* Release */,
			);
			defaultConfigurationIsVisible = 0;
			defaultConfigurationName = Release;
		};
/* End XCConfigurationList section */
	};
	rootObject = 7B36178B1F0E12B3004E7850 /* Project object */;
}
